github.com/fortytw2/leaktest v1.3.0 h1:u8491cBMTQ8ft8aeV+adlcytMZylmA5nnwwkRZjI8vw=
github.com/fortytw2/leaktest v1.3.0/go.mod h1:jDsjWgpAGjm2CA7WthBh/CdZYEPF31XHquHwclZch5g=
github.com/wader/goutubedl v0.0.0-20220622161529-be05c3470e7d h1:HThE5e7dIo6B4yhYE+Bm3DlvlPoxK99WEBX7AbfHzoQ=
github.com/wader/goutubedl v0.0.0-20220622161529-be05c3470e7d/go.mod h1:5KXd5tImdbmz4JoVhePtbIokCwAfEhUVVx3WLHmjYuw=
github.com/wader/logutils v0.0.0-20190904144142-6d88a3144654 h1:/H3pKDa/IP88aOSLuF+9b4Sc7hBVX4TCEBMwzsYKYv0=
github.com/wader/logutils v0.0.0-20190904144142-6d88a3144654/go.mod h1:6+XZabA9xCm6iA5xt7uBVUY9/j+kbPeEgtR2a1lRjKo=
github.com/wader/osleaktest v0.0.0-20191111175233-f643b0fed071 h1:QkrG4Zr5OVFuC9aaMPmFI0ibfhBZlAgtzDYWfu7tqQk=
github.com/wader/osleaktest v0.0.0-20191111175233-f643b0fed071/go.mod h1:XD6emOFPHVzb0+qQpiNOdPL2XZ0SRUM0N5JHuq6OmXo=
golang.org/x/sync v0.0.0-20220601150217-0de741cfad7f h1:Ax0t5p6N38Ga0dThY21weqDEyz2oklo4IvDkpigvkD8=
golang.org/x/sync v0.0.0-20220601150217-0de741cfad7f/go.mod h1:RxMgew5VJxzue5/jJTE5uejpjVlOe/izrB70Jof72aM=
