github.com/fortytw2/leaktest v1.3.0 h1:u8491cBMTQ8ft8aeV+adlcytMZylmA5nnwwkRZjI8vw=
github.com/fortytw2/leaktest v1.3.0/go.mod h1:jDsjWgpAGjm2CA7WthBh/CdZYEPF31XHquHwclZch5g=
github.com/wader/goutubedl v0.0.0-20230405162415-e54060320da8 h1:EIQcZgz2rHTd2uwyITy9ufPLsGD6O21gzHM3nfbcVXE=
github.com/wader/goutubedl v0.0.0-20230405162415-e54060320da8/go.mod h1:5KXd5tImdbmz4JoVhePtbIokCwAfEhUVVx3WLHmjYuw=
github.com/wader/logutils v0.0.0-20190904144142-6d88a3144654 h1:/H3pKDa/IP88aOSLuF+9b4Sc7hBVX4TCEBMwzsYKYv0=
github.com/wader/logutils v0.0.0-20190904144142-6d88a3144654/go.mod h1:6+XZabA9xCm6iA5xt7uBVUY9/j+kbPeEgtR2a1lRjKo=
github.com/wader/osleaktest v0.0.0-20191111175233-f643b0fed071 h1:QkrG4Zr5OVFuC9aaMPmFI0ibfhBZlAgtzDYWfu7tqQk=
github.com/wader/osleaktest v0.0.0-20191111175233-f643b0fed071/go.mod h1:XD6emOFPHVzb0+qQpiNOdPL2XZ0SRUM0N5JHuq6OmXo=
golang.org/x/sync v0.0.0-20220929204114-8fcdb60fdcc0 h1:cu5kTvlzcw1Q5S9f5ip1/cpiB4nXvw1XYzFPGgzLUOY=
golang.org/x/sync v0.0.0-20220929204114-8fcdb60fdcc0/go.mod h1:RxMgew5VJxzue5/jJTE5uejpjVlOe/izrB70Jof72aM=
